
Microsoft Visual Studio Solution File, Format Version 12.00
# Visual Studio Version 16
VisualStudioVersion = 16.0.33214.272
MinimumVisualStudioVersion = 10.0.40219.1
Project("{FAE04EC0-301F-11D3-BF4B-00C04F79EFBC}") = "Magic_Books_Project", "Magic_Books_Project\Magic_Books_Project.csproj", "{786F0239-2458-4AAC-8E6D-727002BD2C67}"
EndProject
Global
	GlobalSection(SolutionConfigurationPlatforms) = preSolution
		Debug|Any CPU = Debug|Any CPU
		Release|Any CPU = Release|Any CPU
	EndGlobalSection
	GlobalSection(ProjectConfigurationPlatforms) = postSolution
		{786F0239-2458-4AAC-8E6D-727002BD2C67}.Debug|Any CPU.ActiveCfg = Debug|Any CPU
		{786F0239-2458-4AAC-8E6D-727002BD2C67}.Debug|Any CPU.Build.0 = Debug|Any CPU
		{786F0239-2458-4AAC-8E6D-727002BD2C67}.Release|Any CPU.ActiveCfg = Release|Any CPU
		{786F0239-2458-4AAC-8E6D-727002BD2C67}.Release|Any CPU.Build.0 = Release|Any CPU
	EndGlobalSection
	GlobalSection(SolutionProperties) = preSolution
		HideSolutionNode = FALSE
	EndGlobalSection
	GlobalSection(ExtensibilityGlobals) = postSolution
		SolutionGuid = {2B8174DD-869C-4872-BEB9-0CBA42618A1E}
	EndGlobalSection
EndGlobal
